
Microsoft Visual Studio Solution File, Format Version 12.00
# Visual Studio Version 16
VisualStudioVersion = 16.0.810.14
MinimumVisualStudioVersion = 10.0.40219.1
Project("{FAE04EC0-301F-11D3-BF4B-00C04F79EFBC}") = "DependencyIOnjectionDemo", "DependencyInjectionDemo\DependencyIOnjectionDemo.csproj", "{59F1DE0D-7500-4C2D-BFA3-123591AEF476}"
EndProject
Project("{FAE04EC0-301F-11D3-BF4B-00C04F79EFBC}") = "DemoLibrary", "DemoLibrary\DemoLibrary.csproj", "{5AA458EB-5193-4214-972A-26CB14EC13E4}"
EndProject
Global
	GlobalSection(SolutionConfigurationPlatforms) = preSolution
		Debug|Any CPU = Debug|Any CPU
		Release|Any CPU = Release|Any CPU
	EndGlobalSection
	GlobalSection(ProjectConfigurationPlatforms) = postSolution
		{59F1DE0D-7500-4C2D-BFA3-123591AEF476}.Debug|Any CPU.ActiveCfg = Debug|Any CPU
		{59F1DE0D-7500-4C2D-BFA3-123591AEF476}.Debug|Any CPU.Build.0 = Debug|Any CPU
		{59F1DE0D-7500-4C2D-BFA3-123591AEF476}.Release|Any CPU.ActiveCfg = Release|Any CPU
		{59F1DE0D-7500-4C2D-BFA3-123591AEF476}.Release|Any CPU.Build.0 = Release|Any CPU
		{5AA458EB-5193-4214-972A-26CB14EC13E4}.Debug|Any CPU.ActiveCfg = Debug|Any CPU
		{5AA458EB-5193-4214-972A-26CB14EC13E4}.Debug|Any CPU.Build.0 = Debug|Any CPU
		{5AA458EB-5193-4214-972A-26CB14EC13E4}.Release|Any CPU.ActiveCfg = Release|Any CPU
		{5AA458EB-5193-4214-972A-26CB14EC13E4}.Release|Any CPU.Build.0 = Release|Any CPU
	EndGlobalSection
	GlobalSection(SolutionProperties) = preSolution
		HideSolutionNode = FALSE
	EndGlobalSection
	GlobalSection(ExtensibilityGlobals) = postSolution
		SolutionGuid = {FBC0A87A-7FAA-4078-A828-EB7524F01160}
	EndGlobalSection
EndGlobal
